// !$*UTF8*$!
{
	archiveVersion = 1;
	classes = {
	};
	objectVersion = 46;
	objects = {

/* Begin PBXBuildFile section */
		D36317AB1C3EB6FF003933BF /* AppDelegate.swift in Sources */ = {isa = PBXBuildFile; fileRef = D36317AA1C3EB6FF003933BF /* AppDelegate.swift */; };
		D36317AD1C3EB6FF003933BF /* ViewController.swift in Sources */ = {isa = PBXBuildFile; fileRef = D36317AC1C3EB6FF003933BF /* ViewController.swift */; };
		D36317B01C3EB6FF003933BF /* Main.storyboard in Resources */ = {isa = PBXBuildFile; fileRef = D36317AE1C3EB6FF003933BF /* Main.storyboard */; };
		D36317B21C3EB6FF003933BF /* Assets.xcassets in Resources */ = {isa = PBXBuildFile; fileRef = D36317B11C3EB6FF003933BF /* Assets.xcassets */; };
		D36317B51C3EB6FF003933BF /* LaunchScreen.storyboard in Resources */ = {isa = PBXBuildFile; fileRef = D36317B31C3EB6FF003933BF /* LaunchScreen.storyboard */; };
		D3E37E0F1C43FB58008D8AA9 /* CalculatorBrain.swift in Sources */ = {isa = PBXBuildFile; fileRef = D3E37E0E1C43FB58008D8AA9 /* CalculatorBrain.swift */; };
/* End PBXBuildFile section */

/* Begin PBXFileReference section */
		D36317A71C3EB6FF003933BF /* L12Calculator.app */ = {isa = PBXFileReference; explicitFileType = wrapper.application; includeInIndex = 0; path = L12Calculator.app; sourceTree = BUILT_PRODUCTS_DIR; };
		D36317AA1C3EB6FF003933BF /* AppDelegate.swift */ = {isa = PBXFileReference; lastKnownFileType = sourcecode.swift; path = AppDelegate.swift; sourceTree = "<group>"; };
		D36317AC1C3EB6FF003933BF /* ViewController.swift */ = {isa = PBXFileReference; lastKnownFileType = sourcecode.swift; path = ViewController.swift; sourceTree = "<group>"; };
		D36317AF1C3EB6FF003933BF /* Base */ = {isa = PBXFileReference; lastKnownFileType = file.storyboard; name = Base; path = Base.lproj/Main.storyboard; sourceTree = "<group>"; };
		D36317B11C3EB6FF003933BF /* Assets.xcassets */ = {isa = PBXFileReference; lastKnownFileType = folder.assetcatalog; path = Assets.xcassets; sourceTree = "<group>"; };
		D36317B41C3EB6FF003933BF /* Base */ = {isa = PBXFileReference; lastKnownFileType = file.storyboard; name = Base; path = Base.lproj/LaunchScreen.storyboard; sourceTree = "<group>"; };
		D36317B61C3EB6FF003933BF /* Info.plist */ = {isa = PBXFileReference; lastKnownFileType = text.plist.xml; path = Info.plist; sourceTree = "<group>"; };
		D3E37E0E1C43FB58008D8AA9 /* CalculatorBrain.swift */ = {isa = PBXFileReference; fileEncoding = 4; lastKnownFileType = sourcecode.swift; path = CalculatorBrain.swift; sourceTree = "<group>"; };
/* End PBXFileReference section */

/* Begin PBXFrameworksBuildPhase section */
		D36317A41C3EB6FF003933BF /* Frameworks */ = {
			isa = PBXFrameworksBuildPhase;
			buildActionMask = 2147483647;
			files = (
			);
			runOnlyForDeploymentPostprocessing = 0;
		};
/* End PBXFrameworksBuildPhase section */

/* Begin PBXGroup section */
		D363179E1C3EB6FF003933BF = {
			isa = PBXGroup;
			children = (
				D36317A91C3EB6FF003933BF /* L12Calculator */,
				D36317A81C3EB6FF003933BF /* Products */,
			);
			sourceTree = "<group>";
		};
		D36317A81C3EB6FF003933BF /* Products */ = {
			isa = PBXGroup;
			children = (
				D36317A71C3EB6FF003933BF /* L12Calculator.app */,
			);
			name = Products;
			sourceTree = "<group>";
		};
		D36317A91C3EB6FF003933BF /* L12Calculator */ = {
			isa = PBXGroup;
			children = (
				D36317AA1C3EB6FF003933BF /* AppDelegate.swift */,
				D36317AC1C3EB6FF003933BF /* ViewController.swift */,
				D36317AE1C3EB6FF003933BF /* Main.storyboard */,
				D36317B11C3EB6FF003933BF /* Assets.xcassets */,
				D36317B31C3EB6FF003933BF /* LaunchScreen.storyboard */,
				D36317B61C3EB6FF003933BF /* Info.plist */,
				D3E37E0E1C43FB58008D8AA9 /* CalculatorBrain.swift */,
			);
			path = L12Calculator;
			sourceTree = "<group>";
		};
/* End PBXGroup section */

/* Begin PBXNativeTarget section */
		D36317A61C3EB6FF003933BF /* L12Calculator */ = {
			isa = PBXNativeTarget;
			buildConfigurationList = D36317B91C3EB6FF003933BF /* Build configuration list for PBXNativeTarget "L12Calculator" */;
			buildPhases = (
				D36317A31C3EB6FF003933BF /* Sources */,
				D36317A41C3EB6FF003933BF /* Frameworks */,
				D36317A51C3EB6FF003933BF /* Resources */,
			);
			buildRules = (
			);
			dependencies = (
			);
			name = L12Calculator;
			productName = L12Calculator;
			productReference = D36317A71C3EB6FF003933BF /* L12Calculator.app */;
			productType = "com.apple.product-type.application";
		};
/* End PBXNativeTarget section */

/* Begin PBXProject section */
		D363179F1C3EB6FF003933BF /* Project object */ = {
			isa = PBXProject;
			attributes = {
				LastSwiftUpdateCheck = 0710;
				LastUpgradeCheck = 0710;
				ORGANIZATIONNAME = zhanghl;
				TargetAttributes = {
					D36317A61C3EB6FF003933BF = {
						CreatedOnToolsVersion = 7.1.1;
					};
				};
			};
			buildConfigurationList = D36317A21C3EB6FF003933BF /* Build configuration list for PBXProject "L12Calculator" */;
			compatibilityVersion = "Xcode 3.2";
			developmentRegion = English;
			hasScannedForEncodings = 0;
			knownRegions = (
				en,
				Base,
			);
			mainGroup = D363179E1C3EB6FF003933BF;
			productRefGroup = D36317A81C3EB6FF003933BF /* Products */;
			projectDirPath = "";
			projectRoot = "";
			targets = (
				D36317A61C3EB6FF003933BF /* L12Calculator */,
			);
		};
/* End PBXProject section */

/* Begin PBXResourcesBuildPhase section */
		D36317A51C3EB6FF003933BF /* Resources */ = {
			isa = PBXResourcesBuildPhase;
			buildActionMask = 2147483647;
			files = (
				D36317B51C3EB6FF003933BF /* LaunchScreen.storyboard in Resources */,
				D36317B21C3EB6FF003933BF /* Assets.xcassets in Resources */,
				D36317B01C3EB6FF003933BF /* Main.storyboard in Resources */,
			);
			runOnlyForDeploymentPostprocessing = 0;
		};
/* End PBXResourcesBuildPhase section */

/* Begin PBXSourcesBuildPhase section */
		D36317A31C3EB6FF003933BF /* Sources */ = {
			isa = PBXSourcesBuildPhase;
			buildActionMask = 2147483647;
			files = (
				D3E37E0F1C43FB58008D8AA9 /* CalculatorBrain.swift in Sources */,
				D36317AD1C3EB6FF003933BF /* ViewController.swift in Sources */,
				D36317AB1C3EB6FF003933BF /* AppDelegate.swift in Sources */,
			);
			runOnlyForDeploymentPostprocessing = 0;
		};
/* End PBXSourcesBuildPhase section */

/* Begin PBXVariantGroup section */
		D36317AE1C3EB6FF003933BF /* Main.storyboard */ = {
			isa = PBXVariantGroup;
			children = (
				D36317AF1C3EB6FF003933BF /* Base */,
			);
			name = Main.storyboard;
			sourceTree = "<group>";
		};
		D36317B31C3EB6FF003933BF /* LaunchScreen.storyboard */ = {
			isa = PBXVariantGroup;
			children = (
				D36317B41C3EB6FF003933BF /* Base */,
			);
			name = LaunchScreen.storyboard;
			sourceTree = "<group>";
		};
/* End PBXVariantGroup section */

/* Begin XCBuildConfiguration section */
		D36317B71C3EB6FF003933BF /* Debug */ = {
			isa = XCBuildConfiguration;
			buildSettings = {
				ALWAYS_SEARCH_USER_PATHS = NO;
				CLANG_CXX_LANGUAGE_STANDARD = "gnu++0x";
				CLANG_CXX_LIBRARY = "libc++";
				CLANG_ENABLE_MODULES = YES;
				CLANG_ENABLE_OBJC_ARC = YES;
				CLANG_WARN_BOOL_CONVERSION = YES;
				CLANG_WARN_CONSTANT_CONVERSION = YES;
				CLANG_WARN_DIRECT_OBJC_ISA_USAGE = YES_ERROR;
				CLANG_WARN_EMPTY_BODY = YES;
				CLANG_WARN_ENUM_CONVERSION = YES;
				CLANG_WARN_INT_CONVERSION = YES;
				CLANG_WARN_OBJC_ROOT_CLASS = YES_ERROR;
				CLANG_WARN_UNREACHABLE_CODE = YES;
				CLANG_WARN__DUPLICATE_METHOD_MATCH = YES;
				"CODE_SIGN_IDENTITY[sdk=iphoneos*]" = "iPhone Developer";
				COPY_PHASE_STRIP = NO;
				DEBUG_INFORMATION_FORMAT = dwarf;
				ENABLE_STRICT_OBJC_MSGSEND = YES;
				ENABLE_TESTABILITY = YES;
				GCC_C_LANGUAGE_STANDARD = gnu99;
				GCC_DYNAMIC_NO_PIC = NO;
				GCC_NO_COMMON_BLOCKS = YES;
				GCC_OPTIMIZATION_LEVEL = 0;
				GCC_PREPROCESSOR_DEFINITIONS = (
					"DEBUG=1",
					"$(inherited)",
				);
				GCC_WARN_64_TO_32_BIT_CONVERSION = YES;
				GCC_WARN_ABOUT_RETURN_TYPE = YES_ERROR;
				GCC_WARN_UNDECLARED_SELECTOR = YES;
				GCC_WARN_UNINITIALIZED_AUTOS = YES_AGGRESSIVE;
				GCC_WARN_UNUSED_FUNCTION = YES;
				GCC_WARN_UNUSED_VARIABLE = YES;
				IPHONEOS_DEPLOYMENT_TARGET = 9.1;
				MTL_ENABLE_DEBUG_INFO = YES;
				ONLY_ACTIVE_ARCH = YES;
				SDKROOT = iphoneos;
				SWIFT_OPTIMIZATION_LEVEL = "-Onone";
			};
			name = Debug;
		};
		D36317B81C3EB6FF003933BF /* Release */ = {
			isa = XCBuildConfiguration;
			buildSettings = {
				ALWAYS_SEARCH_USER_PATHS = NO;
				CLANG_CXX_LANGUAGE_STANDARD = "gnu++0x";
				CLANG_CXX_LIBRARY = "libc++";
				CLANG_ENABLE_MODULES = YES;
				CLANG_ENABLE_OBJC_ARC = YES;
				CLANG_WARN_BOOL_CONVERSION = YES;
				CLANG_WARN_CONSTANT_CONVERSION = YES;
				CLANG_WARN_DIRECT_OBJC_ISA_USAGE = YES_ERROR;
				CLANG_WARN_EMPTY_BODY = YES;
				CLANG_WARN_ENUM_CONVERSION = YES;
				CLANG_WARN_INT_CONVERSION = YES;
				CLANG_WARN_OBJC_ROOT_CLASS = YES_ERROR;
				CLANG_WARN_UNREACHABLE_CODE = YES;
				CLANG_WARN__DUPLICATE_METHOD_MATCH = YES;
				"CODE_SIGN_IDENTITY[sdk=iphoneos*]" = "iPhone Developer";
				COPY_PHASE_STRIP = NO;
				DEBUG_INFORMATION_FORMAT = "dwarf-with-dsym";
				ENABLE_NS_ASSERTIONS = NO;
				ENABLE_STRICT_OBJC_MSGSEND = YES;
				GCC_C_LANGUAGE_STANDARD = gnu99;
				GCC_NO_COMMON_BLOCKS = YES;
				GCC_WARN_64_TO_32_BIT_CONVERSION = YES;
				GCC_WARN_ABOUT_RETURN_TYPE = YES_ERROR;
				GCC_WARN_UNDECLARED_SELECTOR = YES;
				GCC_WARN_UNINITIALIZED_AUTOS = YES_AGGRESSIVE;
				GCC_WARN_UNUSED_FUNCTION = YES;
				GCC_WARN_UNUSED_VARIABLE = YES;
				IPHONEOS_DEPLOYMENT_TARGET = 9.1;
				MTL_ENABLE_DEBUG_INFO = NO;
				SDKROOT = iphoneos;
				VALIDATE_PRODUCT = YES;
			};
			name = Release;
		};
		D36317BA1C3EB6FF003933BF /* Debug */ = {
			isa = XCBuildConfiguration;
			buildSettings = {
				ASSETCATALOG_COMPILER_APPICON_NAME = AppIcon;
				INFOPLIST_FILE = L12Calculator/Info.plist;
				LD_RUNPATH_SEARCH_PATHS = "$(inherited) @executable_path/Frameworks";
				PRODUCT_BUNDLE_IDENTIFIER = ldol.L12Calculator;
				PRODUCT_NAME = "$(TARGET_NAME)";
			};
			name = Debug;
		};
		D36317BB1C3EB6FF003933BF /* Release */ = {
			isa = XCBuildConfiguration;
			buildSettings = {
				ASSETCATALOG_COMPILER_APPICON_NAME = AppIcon;
				INFOPLIST_FILE = L12Calculator/Info.plist;
				LD_RUNPATH_SEARCH_PATHS = "$(inherited) @executable_path/Frameworks";
				PRODUCT_BUNDLE_IDENTIFIER = ldol.L12Calculator;
				PRODUCT_NAME = "$(TARGET_NAME)";
			};
			name = Release;
		};
/* End XCBuildConfiguration section */

/* Begin XCConfigurationList section */
		D36317A21C3EB6FF003933BF /* Build configuration list for PBXProject "L12Calculator" */ = {
			isa = XCConfigurationList;
			buildConfigurations = (
				D36317B71C3EB6FF003933BF /* Debug */,
				D36317B81C3EB6FF003933BF /* Release */,
			);
			defaultConfigurationIsVisible = 0;
			defaultConfigurationName = Release;
		};
		D36317B91C3EB6FF003933BF /* Build configuration list for PBXNativeTarget "L12Calculator" */ = {
			isa = XCConfigurationList;
			buildConfigurations = (
				D36317BA1C3EB6FF003933BF /* Debug */,
				D36317BB1C3EB6FF003933BF /* Release */,
			);
			defaultConfigurationIsVisible = 0;
			defaultConfigurationName = Release;
		};
/* End XCConfigurationList section */
	};
	rootObject = D363179F1C3EB6FF003933BF /* Project object */;
}
