// !$*UTF8*$!
{
	archiveVersion = 1;
	classes = {
	};
	objectVersion = 46;
	objects = {

/* Begin PBXBuildFile section */
		D36A7C721C47E0930068E5D5 /* AppDelegate.swift in Sources */ = {isa = PBXBuildFile; fileRef = D36A7C711C47E0930068E5D5 /* AppDelegate.swift */; };
		D36A7C771C47E0930068E5D5 /* Main.storyboard in Resources */ = {isa = PBXBuildFile; fileRef = D36A7C751C47E0930068E5D5 /* Main.storyboard */; };
		D36A7C791C47E0930068E5D5 /* Assets.xcassets in Resources */ = {isa = PBXBuildFile; fileRef = D36A7C781C47E0930068E5D5 /* Assets.xcassets */; };
		D36A7C7C1C47E0930068E5D5 /* LaunchScreen.storyboard in Resources */ = {isa = PBXBuildFile; fileRef = D36A7C7A1C47E0930068E5D5 /* LaunchScreen.storyboard */; };
		D36A7C841C47E1830068E5D5 /* HappinessViewController.swift in Sources */ = {isa = PBXBuildFile; fileRef = D36A7C831C47E1830068E5D5 /* HappinessViewController.swift */; };
		D36A7C861C47E2BF0068E5D5 /* FaceUIView.swift in Sources */ = {isa = PBXBuildFile; fileRef = D36A7C851C47E2BF0068E5D5 /* FaceUIView.swift */; };
/* End PBXBuildFile section */

/* Begin PBXFileReference section */
		D36A7C6E1C47E0930068E5D5 /* 13Happiness.app */ = {isa = PBXFileReference; explicitFileType = wrapper.application; includeInIndex = 0; path = 13Happiness.app; sourceTree = BUILT_PRODUCTS_DIR; };
		D36A7C711C47E0930068E5D5 /* AppDelegate.swift */ = {isa = PBXFileReference; lastKnownFileType = sourcecode.swift; path = AppDelegate.swift; sourceTree = "<group>"; };
		D36A7C761C47E0930068E5D5 /* Base */ = {isa = PBXFileReference; lastKnownFileType = file.storyboard; name = Base; path = Base.lproj/Main.storyboard; sourceTree = "<group>"; };
		D36A7C781C47E0930068E5D5 /* Assets.xcassets */ = {isa = PBXFileReference; lastKnownFileType = folder.assetcatalog; path = Assets.xcassets; sourceTree = "<group>"; };
		D36A7C7B1C47E0930068E5D5 /* Base */ = {isa = PBXFileReference; lastKnownFileType = file.storyboard; name = Base; path = Base.lproj/LaunchScreen.storyboard; sourceTree = "<group>"; };
		D36A7C7D1C47E0930068E5D5 /* Info.plist */ = {isa = PBXFileReference; lastKnownFileType = text.plist.xml; path = Info.plist; sourceTree = "<group>"; };
		D36A7C831C47E1830068E5D5 /* HappinessViewController.swift */ = {isa = PBXFileReference; fileEncoding = 4; lastKnownFileType = sourcecode.swift; path = HappinessViewController.swift; sourceTree = "<group>"; };
		D36A7C851C47E2BF0068E5D5 /* FaceUIView.swift */ = {isa = PBXFileReference; fileEncoding = 4; lastKnownFileType = sourcecode.swift; path = FaceUIView.swift; sourceTree = "<group>"; };
/* End PBXFileReference section */

/* Begin PBXFrameworksBuildPhase section */
		D36A7C6B1C47E0930068E5D5 /* Frameworks */ = {
			isa = PBXFrameworksBuildPhase;
			buildActionMask = 2147483647;
			files = (
			);
			runOnlyForDeploymentPostprocessing = 0;
		};
/* End PBXFrameworksBuildPhase section */

/* Begin PBXGroup section */
		D36A7C651C47E0930068E5D5 = {
			isa = PBXGroup;
			children = (
				D36A7C701C47E0930068E5D5 /* 13Happiness */,
				D36A7C6F1C47E0930068E5D5 /* Products */,
			);
			sourceTree = "<group>";
		};
		D36A7C6F1C47E0930068E5D5 /* Products */ = {
			isa = PBXGroup;
			children = (
				D36A7C6E1C47E0930068E5D5 /* 13Happiness.app */,
			);
			name = Products;
			sourceTree = "<group>";
		};
		D36A7C701C47E0930068E5D5 /* 13Happiness */ = {
			isa = PBXGroup;
			children = (
				D36A7C711C47E0930068E5D5 /* AppDelegate.swift */,
				D36A7C751C47E0930068E5D5 /* Main.storyboard */,
				D36A7C781C47E0930068E5D5 /* Assets.xcassets */,
				D36A7C7A1C47E0930068E5D5 /* LaunchScreen.storyboard */,
				D36A7C7D1C47E0930068E5D5 /* Info.plist */,
				D36A7C831C47E1830068E5D5 /* HappinessViewController.swift */,
				D36A7C851C47E2BF0068E5D5 /* FaceUIView.swift */,
			);
			path = 13Happiness;
			sourceTree = "<group>";
		};
/* End PBXGroup section */

/* Begin PBXNativeTarget section */
		D36A7C6D1C47E0930068E5D5 /* 13Happiness */ = {
			isa = PBXNativeTarget;
			buildConfigurationList = D36A7C801C47E0930068E5D5 /* Build configuration list for PBXNativeTarget "13Happiness" */;
			buildPhases = (
				D36A7C6A1C47E0930068E5D5 /* Sources */,
				D36A7C6B1C47E0930068E5D5 /* Frameworks */,
				D36A7C6C1C47E0930068E5D5 /* Resources */,
			);
			buildRules = (
			);
			dependencies = (
			);
			name = 13Happiness;
			productName = 13Happiness;
			productReference = D36A7C6E1C47E0930068E5D5 /* 13Happiness.app */;
			productType = "com.apple.product-type.application";
		};
/* End PBXNativeTarget section */

/* Begin PBXProject section */
		D36A7C661C47E0930068E5D5 /* Project object */ = {
			isa = PBXProject;
			attributes = {
				LastSwiftUpdateCheck = 0710;
				LastUpgradeCheck = 0710;
				ORGANIZATIONNAME = zhanghl;
				TargetAttributes = {
					D36A7C6D1C47E0930068E5D5 = {
						CreatedOnToolsVersion = 7.1.1;
					};
				};
			};
			buildConfigurationList = D36A7C691C47E0930068E5D5 /* Build configuration list for PBXProject "13Happiness" */;
			compatibilityVersion = "Xcode 3.2";
			developmentRegion = English;
			hasScannedForEncodings = 0;
			knownRegions = (
				en,
				Base,
			);
			mainGroup = D36A7C651C47E0930068E5D5;
			productRefGroup = D36A7C6F1C47E0930068E5D5 /* Products */;
			projectDirPath = "";
			projectRoot = "";
			targets = (
				D36A7C6D1C47E0930068E5D5 /* 13Happiness */,
			);
		};
/* End PBXProject section */

/* Begin PBXResourcesBuildPhase section */
		D36A7C6C1C47E0930068E5D5 /* Resources */ = {
			isa = PBXResourcesBuildPhase;
			buildActionMask = 2147483647;
			files = (
				D36A7C7C1C47E0930068E5D5 /* LaunchScreen.storyboard in Resources */,
				D36A7C791C47E0930068E5D5 /* Assets.xcassets in Resources */,
				D36A7C771C47E0930068E5D5 /* Main.storyboard in Resources */,
			);
			runOnlyForDeploymentPostprocessing = 0;
		};
/* End PBXResourcesBuildPhase section */

/* Begin PBXSourcesBuildPhase section */
		D36A7C6A1C47E0930068E5D5 /* Sources */ = {
			isa = PBXSourcesBuildPhase;
			buildActionMask = 2147483647;
			files = (
				D36A7C841C47E1830068E5D5 /* HappinessViewController.swift in Sources */,
				D36A7C721C47E0930068E5D5 /* AppDelegate.swift in Sources */,
				D36A7C861C47E2BF0068E5D5 /* FaceUIView.swift in Sources */,
			);
			runOnlyForDeploymentPostprocessing = 0;
		};
/* End PBXSourcesBuildPhase section */

/* Begin PBXVariantGroup section */
		D36A7C751C47E0930068E5D5 /* Main.storyboard */ = {
			isa = PBXVariantGroup;
			children = (
				D36A7C761C47E0930068E5D5 /* Base */,
			);
			name = Main.storyboard;
			sourceTree = "<group>";
		};
		D36A7C7A1C47E0930068E5D5 /* LaunchScreen.storyboard */ = {
			isa = PBXVariantGroup;
			children = (
				D36A7C7B1C47E0930068E5D5 /* Base */,
			);
			name = LaunchScreen.storyboard;
			sourceTree = "<group>";
		};
/* End PBXVariantGroup section */

/* Begin XCBuildConfiguration section */
		D36A7C7E1C47E0930068E5D5 /* Debug */ = {
			isa = XCBuildConfiguration;
			buildSettings = {
				ALWAYS_SEARCH_USER_PATHS = NO;
				CLANG_CXX_LANGUAGE_STANDARD = "gnu++0x";
				CLANG_CXX_LIBRARY = "libc++";
				CLANG_ENABLE_MODULES = YES;
				CLANG_ENABLE_OBJC_ARC = YES;
				CLANG_WARN_BOOL_CONVERSION = YES;
				CLANG_WARN_CONSTANT_CONVERSION = YES;
				CLANG_WARN_DIRECT_OBJC_ISA_USAGE = YES_ERROR;
				CLANG_WARN_EMPTY_BODY = YES;
				CLANG_WARN_ENUM_CONVERSION = YES;
				CLANG_WARN_INT_CONVERSION = YES;
				CLANG_WARN_OBJC_ROOT_CLASS = YES_ERROR;
				CLANG_WARN_UNREACHABLE_CODE = YES;
				CLANG_WARN__DUPLICATE_METHOD_MATCH = YES;
				"CODE_SIGN_IDENTITY[sdk=iphoneos*]" = "iPhone Developer";
				COPY_PHASE_STRIP = NO;
				DEBUG_INFORMATION_FORMAT = dwarf;
				ENABLE_STRICT_OBJC_MSGSEND = YES;
				ENABLE_TESTABILITY = YES;
				GCC_C_LANGUAGE_STANDARD = gnu99;
				GCC_DYNAMIC_NO_PIC = NO;
				GCC_NO_COMMON_BLOCKS = YES;
				GCC_OPTIMIZATION_LEVEL = 0;
				GCC_PREPROCESSOR_DEFINITIONS = (
					"DEBUG=1",
					"$(inherited)",
				);
				GCC_WARN_64_TO_32_BIT_CONVERSION = YES;
				GCC_WARN_ABOUT_RETURN_TYPE = YES_ERROR;
				GCC_WARN_UNDECLARED_SELECTOR = YES;
				GCC_WARN_UNINITIALIZED_AUTOS = YES_AGGRESSIVE;
				GCC_WARN_UNUSED_FUNCTION = YES;
				GCC_WARN_UNUSED_VARIABLE = YES;
				IPHONEOS_DEPLOYMENT_TARGET = 9.1;
				MTL_ENABLE_DEBUG_INFO = YES;
				ONLY_ACTIVE_ARCH = YES;
				SDKROOT = iphoneos;
				SWIFT_OPTIMIZATION_LEVEL = "-Onone";
			};
			name = Debug;
		};
		D36A7C7F1C47E0930068E5D5 /* Release */ = {
			isa = XCBuildConfiguration;
			buildSettings = {
				ALWAYS_SEARCH_USER_PATHS = NO;
				CLANG_CXX_LANGUAGE_STANDARD = "gnu++0x";
				CLANG_CXX_LIBRARY = "libc++";
				CLANG_ENABLE_MODULES = YES;
				CLANG_ENABLE_OBJC_ARC = YES;
				CLANG_WARN_BOOL_CONVERSION = YES;
				CLANG_WARN_CONSTANT_CONVERSION = YES;
				CLANG_WARN_DIRECT_OBJC_ISA_USAGE = YES_ERROR;
				CLANG_WARN_EMPTY_BODY = YES;
				CLANG_WARN_ENUM_CONVERSION = YES;
				CLANG_WARN_INT_CONVERSION = YES;
				CLANG_WARN_OBJC_ROOT_CLASS = YES_ERROR;
				CLANG_WARN_UNREACHABLE_CODE = YES;
				CLANG_WARN__DUPLICATE_METHOD_MATCH = YES;
				"CODE_SIGN_IDENTITY[sdk=iphoneos*]" = "iPhone Developer";
				COPY_PHASE_STRIP = NO;
				DEBUG_INFORMATION_FORMAT = "dwarf-with-dsym";
				ENABLE_NS_ASSERTIONS = NO;
				ENABLE_STRICT_OBJC_MSGSEND = YES;
				GCC_C_LANGUAGE_STANDARD = gnu99;
				GCC_NO_COMMON_BLOCKS = YES;
				GCC_WARN_64_TO_32_BIT_CONVERSION = YES;
				GCC_WARN_ABOUT_RETURN_TYPE = YES_ERROR;
				GCC_WARN_UNDECLARED_SELECTOR = YES;
				GCC_WARN_UNINITIALIZED_AUTOS = YES_AGGRESSIVE;
				GCC_WARN_UNUSED_FUNCTION = YES;
				GCC_WARN_UNUSED_VARIABLE = YES;
				IPHONEOS_DEPLOYMENT_TARGET = 9.1;
				MTL_ENABLE_DEBUG_INFO = NO;
				SDKROOT = iphoneos;
				VALIDATE_PRODUCT = YES;
			};
			name = Release;
		};
		D36A7C811C47E0930068E5D5 /* Debug */ = {
			isa = XCBuildConfiguration;
			buildSettings = {
				ASSETCATALOG_COMPILER_APPICON_NAME = AppIcon;
				INFOPLIST_FILE = 13Happiness/Info.plist;
				LD_RUNPATH_SEARCH_PATHS = "$(inherited) @executable_path/Frameworks";
				PRODUCT_BUNDLE_IDENTIFIER = "hykj.-3Happiness";
				PRODUCT_NAME = "$(TARGET_NAME)";
			};
			name = Debug;
		};
		D36A7C821C47E0930068E5D5 /* Release */ = {
			isa = XCBuildConfiguration;
			buildSettings = {
				ASSETCATALOG_COMPILER_APPICON_NAME = AppIcon;
				INFOPLIST_FILE = 13Happiness/Info.plist;
				LD_RUNPATH_SEARCH_PATHS = "$(inherited) @executable_path/Frameworks";
				PRODUCT_BUNDLE_IDENTIFIER = "hykj.-3Happiness";
				PRODUCT_NAME = "$(TARGET_NAME)";
			};
			name = Release;
		};
/* End XCBuildConfiguration section */

/* Begin XCConfigurationList section */
		D36A7C691C47E0930068E5D5 /* Build configuration list for PBXProject "13Happiness" */ = {
			isa = XCConfigurationList;
			buildConfigurations = (
				D36A7C7E1C47E0930068E5D5 /* Debug */,
				D36A7C7F1C47E0930068E5D5 /* Release */,
			);
			defaultConfigurationIsVisible = 0;
			defaultConfigurationName = Release;
		};
		D36A7C801C47E0930068E5D5 /* Build configuration list for PBXNativeTarget "13Happiness" */ = {
			isa = XCConfigurationList;
			buildConfigurations = (
				D36A7C811C47E0930068E5D5 /* Debug */,
				D36A7C821C47E0930068E5D5 /* Release */,
			);
			defaultConfigurationIsVisible = 0;
		};
/* End XCConfigurationList section */
	};
	rootObject = D36A7C661C47E0930068E5D5 /* Project object */;
}
